// !$*UTF8*$!
{
	archiveVersion = 1;
	classes = {
	};
	objectVersion = 55;
	objects = {

/* Begin PBXBuildFile section */
		6DFCA807289432A9007BC1B8 /* AppDelegate.swift in Sources */ = {isa = PBXBuildFile; fileRef = 6DFCA806289432A9007BC1B8 /* AppDelegate.swift */; };
		6DFCA809289432A9007BC1B8 /* SceneDelegate.swift in Sources */ = {isa = PBXBuildFile; fileRef = 6DFCA808289432A9007BC1B8 /* SceneDelegate.swift */; };
		6DFCA80B289432A9007BC1B8 /* HomeViewController.swift in Sources */ = {isa = PBXBuildFile; fileRef = 6DFCA80A289432A9007BC1B8 /* HomeViewController.swift */; };
		6DFCA810289432AC007BC1B8 /* Assets.xcassets in Resources */ = {isa = PBXBuildFile; fileRef = 6DFCA80F289432AC007BC1B8 /* Assets.xcassets */; };
		6DFCA813289432AC007BC1B8 /* LaunchScreen.storyboard in Resources */ = {isa = PBXBuildFile; fileRef = 6DFCA811289432AC007BC1B8 /* LaunchScreen.storyboard */; };
		6DFCA8252895D133007BC1B8 /* BaseCoordinator.swift in Sources */ = {isa = PBXBuildFile; fileRef = 6DFCA8242895D133007BC1B8 /* BaseCoordinator.swift */; };
		6DFCA8272895D19A007BC1B8 /* ApplicationCoordinator.swift in Sources */ = {isa = PBXBuildFile; fileRef = 6DFCA8262895D19A007BC1B8 /* ApplicationCoordinator.swift */; };
		6DFCA8292895D976007BC1B8 /* HomeViewModel.swift in Sources */ = {isa = PBXBuildFile; fileRef = 6DFCA8282895D976007BC1B8 /* HomeViewModel.swift */; };
		6DFCA82B2895E12A007BC1B8 /* MainModel.swift in Sources */ = {isa = PBXBuildFile; fileRef = 6DFCA82A2895E12A007BC1B8 /* MainModel.swift */; };
		6DFCA82E2895E17C007BC1B8 /* NetworkingService.swift in Sources */ = {isa = PBXBuildFile; fileRef = 6DFCA82D2895E17C007BC1B8 /* NetworkingService.swift */; };
		6DFCA83228969C86007BC1B8 /* Weather.swift in Sources */ = {isa = PBXBuildFile; fileRef = 6DFCA83128969C86007BC1B8 /* Weather.swift */; };
		6DFCA8342897178E007BC1B8 /* WeahterTableViewCell.swift in Sources */ = {isa = PBXBuildFile; fileRef = 6DFCA8332897178E007BC1B8 /* WeahterTableViewCell.swift */; };
		6DFCA8372897405F007BC1B8 /* ForecastViewController.swift in Sources */ = {isa = PBXBuildFile; fileRef = 6DFCA8362897405F007BC1B8 /* ForecastViewController.swift */; };
		6DFCA839289740C8007BC1B8 /* ForecastViewModel.swift in Sources */ = {isa = PBXBuildFile; fileRef = 6DFCA838289740C8007BC1B8 /* ForecastViewModel.swift */; };
		6DFCA83D28974F2E007BC1B8 /* UIViewController.swift in Sources */ = {isa = PBXBuildFile; fileRef = 6DFCA83C28974F2E007BC1B8 /* UIViewController.swift */; };
		6DFCA83F289852BF007BC1B8 /* LocationWeatherData.swift in Sources */ = {isa = PBXBuildFile; fileRef = 6DFCA83E289852BF007BC1B8 /* LocationWeatherData.swift */; };
		6DFCA841289852DB007BC1B8 /* Forecast.swift in Sources */ = {isa = PBXBuildFile; fileRef = 6DFCA840289852DB007BC1B8 /* Forecast.swift */; };
		6DFCA84328986233007BC1B8 /* Date.swift in Sources */ = {isa = PBXBuildFile; fileRef = 6DFCA84228986233007BC1B8 /* Date.swift */; };
		6DFCA84528986874007BC1B8 /* ForecastTableViewCell.swift in Sources */ = {isa = PBXBuildFile; fileRef = 6DFCA84428986874007BC1B8 /* ForecastTableViewCell.swift */; };
		6DFCA84728991170007BC1B8 /* Color.swift in Sources */ = {isa = PBXBuildFile; fileRef = 6DFCA84628991170007BC1B8 /* Color.swift */; };
		6DFCA84928991945007BC1B8 /* CachedStorage.swift in Sources */ = {isa = PBXBuildFile; fileRef = 6DFCA84828991945007BC1B8 /* CachedStorage.swift */; };
/* End PBXBuildFile section */

/* Begin PBXFileReference section */
		6DFCA803289432A9007BC1B8 /* testWeatherApp.app */ = {isa = PBXFileReference; explicitFileType = wrapper.application; includeInIndex = 0; path = testWeatherApp.app; sourceTree = BUILT_PRODUCTS_DIR; };
		6DFCA806289432A9007BC1B8 /* AppDelegate.swift */ = {isa = PBXFileReference; lastKnownFileType = sourcecode.swift; path = AppDelegate.swift; sourceTree = "<group>"; };
		6DFCA808289432A9007BC1B8 /* SceneDelegate.swift */ = {isa = PBXFileReference; lastKnownFileType = sourcecode.swift; path = SceneDelegate.swift; sourceTree = "<group>"; };
		6DFCA80A289432A9007BC1B8 /* HomeViewController.swift */ = {isa = PBXFileReference; lastKnownFileType = sourcecode.swift; path = HomeViewController.swift; sourceTree = "<group>"; };
		6DFCA80F289432AC007BC1B8 /* Assets.xcassets */ = {isa = PBXFileReference; lastKnownFileType = folder.assetcatalog; path = Assets.xcassets; sourceTree = "<group>"; };
		6DFCA812289432AC007BC1B8 /* Base */ = {isa = PBXFileReference; lastKnownFileType = file.storyboard; name = Base; path = Base.lproj/LaunchScreen.storyboard; sourceTree = "<group>"; };
		6DFCA814289432AC007BC1B8 /* Info.plist */ = {isa = PBXFileReference; lastKnownFileType = text.plist.xml; path = Info.plist; sourceTree = "<group>"; };
		6DFCA8242895D133007BC1B8 /* BaseCoordinator.swift */ = {isa = PBXFileReference; lastKnownFileType = sourcecode.swift; path = BaseCoordinator.swift; sourceTree = "<group>"; };
		6DFCA8262895D19A007BC1B8 /* ApplicationCoordinator.swift */ = {isa = PBXFileReference; lastKnownFileType = sourcecode.swift; path = ApplicationCoordinator.swift; sourceTree = "<group>"; };
		6DFCA8282895D976007BC1B8 /* HomeViewModel.swift */ = {isa = PBXFileReference; lastKnownFileType = sourcecode.swift; path = HomeViewModel.swift; sourceTree = "<group>"; };
		6DFCA82A2895E12A007BC1B8 /* MainModel.swift */ = {isa = PBXFileReference; lastKnownFileType = sourcecode.swift; path = MainModel.swift; sourceTree = "<group>"; };
		6DFCA82D2895E17C007BC1B8 /* NetworkingService.swift */ = {isa = PBXFileReference; lastKnownFileType = sourcecode.swift; path = NetworkingService.swift; sourceTree = "<group>"; };
		6DFCA83128969C86007BC1B8 /* Weather.swift */ = {isa = PBXFileReference; lastKnownFileType = sourcecode.swift; path = Weather.swift; sourceTree = "<group>"; };
		6DFCA8332897178E007BC1B8 /* WeahterTableViewCell.swift */ = {isa = PBXFileReference; lastKnownFileType = sourcecode.swift; path = WeahterTableViewCell.swift; sourceTree = "<group>"; };
		6DFCA8362897405F007BC1B8 /* ForecastViewController.swift */ = {isa = PBXFileReference; lastKnownFileType = sourcecode.swift; path = ForecastViewController.swift; sourceTree = "<group>"; };
		6DFCA838289740C8007BC1B8 /* ForecastViewModel.swift */ = {isa = PBXFileReference; lastKnownFileType = sourcecode.swift; path = ForecastViewModel.swift; sourceTree = "<group>"; };
		6DFCA83C28974F2E007BC1B8 /* UIViewController.swift */ = {isa = PBXFileReference; lastKnownFileType = sourcecode.swift; path = UIViewController.swift; sourceTree = "<group>"; };
		6DFCA83E289852BF007BC1B8 /* LocationWeatherData.swift */ = {isa = PBXFileReference; lastKnownFileType = sourcecode.swift; path = LocationWeatherData.swift; sourceTree = "<group>"; };
		6DFCA840289852DB007BC1B8 /* Forecast.swift */ = {isa = PBXFileReference; lastKnownFileType = sourcecode.swift; path = Forecast.swift; sourceTree = "<group>"; };
		6DFCA84228986233007BC1B8 /* Date.swift */ = {isa = PBXFileReference; lastKnownFileType = sourcecode.swift; path = Date.swift; sourceTree = "<group>"; };
		6DFCA84428986874007BC1B8 /* ForecastTableViewCell.swift */ = {isa = PBXFileReference; lastKnownFileType = sourcecode.swift; path = ForecastTableViewCell.swift; sourceTree = "<group>"; };
		6DFCA84628991170007BC1B8 /* Color.swift */ = {isa = PBXFileReference; lastKnownFileType = sourcecode.swift; path = Color.swift; sourceTree = "<group>"; };
		6DFCA84828991945007BC1B8 /* CachedStorage.swift */ = {isa = PBXFileReference; lastKnownFileType = sourcecode.swift; path = CachedStorage.swift; sourceTree = "<group>"; };
/* End PBXFileReference section */

/* Begin PBXFrameworksBuildPhase section */
		6DFCA800289432A9007BC1B8 /* Frameworks */ = {
			isa = PBXFrameworksBuildPhase;
			buildActionMask = 2147483647;
			files = (
			);
			runOnlyForDeploymentPostprocessing = 0;
		};
/* End PBXFrameworksBuildPhase section */

/* Begin PBXGroup section */
		6DFCA7FA289432A9007BC1B8 = {
			isa = PBXGroup;
			children = (
				6DFCA805289432A9007BC1B8 /* testWeatherApp */,
				6DFCA804289432A9007BC1B8 /* Products */,
			);
			sourceTree = "<group>";
		};
		6DFCA804289432A9007BC1B8 /* Products */ = {
			isa = PBXGroup;
			children = (
				6DFCA803289432A9007BC1B8 /* testWeatherApp.app */,
			);
			name = Products;
			sourceTree = "<group>";
		};
		6DFCA805289432A9007BC1B8 /* testWeatherApp */ = {
			isa = PBXGroup;
			children = (
				6DFCA806289432A9007BC1B8 /* AppDelegate.swift */,
				6DFCA808289432A9007BC1B8 /* SceneDelegate.swift */,
				6DFCA8262895D19A007BC1B8 /* ApplicationCoordinator.swift */,
				6DFCA82A2895E12A007BC1B8 /* MainModel.swift */,
				6DFCA82C2895E161007BC1B8 /* Services */,
				6DFCA8232895D121007BC1B8 /* BaseClasses */,
				6DFCA8202895D0EA007BC1B8 /* Flow */,
				6DFCA83A28974F15007BC1B8 /* Extension */,
				6DFCA83028969C57007BC1B8 /* Data */,
				6DFCA80F289432AC007BC1B8 /* Assets.xcassets */,
				6DFCA811289432AC007BC1B8 /* LaunchScreen.storyboard */,
				6DFCA814289432AC007BC1B8 /* Info.plist */,
			);
			path = testWeatherApp;
			sourceTree = "<group>";
		};
		6DFCA8202895D0EA007BC1B8 /* Flow */ = {
			isa = PBXGroup;
			children = (
				6DFCA8352897404A007BC1B8 /* Forecast */,
				6DFCA82F28968882007BC1B8 /* Home */,
			);
			path = Flow;
			sourceTree = "<group>";
		};
		6DFCA8232895D121007BC1B8 /* BaseClasses */ = {
			isa = PBXGroup;
			children = (
				6DFCA8242895D133007BC1B8 /* BaseCoordinator.swift */,
			);
			path = BaseClasses;
			sourceTree = "<group>";
		};
		6DFCA82C2895E161007BC1B8 /* Services */ = {
			isa = PBXGroup;
			children = (
				6DFCA82D2895E17C007BC1B8 /* NetworkingService.swift */,
				6DFCA84828991945007BC1B8 /* CachedStorage.swift */,
			);
			path = Services;
			sourceTree = "<group>";
		};
		6DFCA82F28968882007BC1B8 /* Home */ = {
			isa = PBXGroup;
			children = (
				6DFCA80A289432A9007BC1B8 /* HomeViewController.swift */,
				6DFCA8282895D976007BC1B8 /* HomeViewModel.swift */,
				6DFCA8332897178E007BC1B8 /* WeahterTableViewCell.swift */,
			);
			path = Home;
			sourceTree = "<group>";
		};
		6DFCA83028969C57007BC1B8 /* Data */ = {
			isa = PBXGroup;
			children = (
				6DFCA83E289852BF007BC1B8 /* LocationWeatherData.swift */,
				6DFCA83128969C86007BC1B8 /* Weather.swift */,
				6DFCA840289852DB007BC1B8 /* Forecast.swift */,
			);
			path = Data;
			sourceTree = "<group>";
		};
		6DFCA8352897404A007BC1B8 /* Forecast */ = {
			isa = PBXGroup;
			children = (
				6DFCA8362897405F007BC1B8 /* ForecastViewController.swift */,
				6DFCA838289740C8007BC1B8 /* ForecastViewModel.swift */,
				6DFCA84428986874007BC1B8 /* ForecastTableViewCell.swift */,
			);
			path = Forecast;
			sourceTree = "<group>";
		};
		6DFCA83A28974F15007BC1B8 /* Extension */ = {
			isa = PBXGroup;
			children = (
				6DFCA83C28974F2E007BC1B8 /* UIViewController.swift */,
				6DFCA84228986233007BC1B8 /* Date.swift */,
				6DFCA84628991170007BC1B8 /* Color.swift */,
			);
			path = Extension;
			sourceTree = "<group>";
		};
/* End PBXGroup section */

/* Begin PBXNativeTarget section */
		6DFCA802289432A9007BC1B8 /* testWeatherApp */ = {
			isa = PBXNativeTarget;
			buildConfigurationList = 6DFCA817289432AC007BC1B8 /* Build configuration list for PBXNativeTarget "testWeatherApp" */;
			buildPhases = (
				6DFCA7FF289432A9007BC1B8 /* Sources */,
				6DFCA800289432A9007BC1B8 /* Frameworks */,
				6DFCA801289432A9007BC1B8 /* Resources */,
			);
			buildRules = (
			);
			dependencies = (
			);
			name = testWeatherApp;
			productName = testWeatherApp;
			productReference = 6DFCA803289432A9007BC1B8 /* testWeatherApp.app */;
			productType = "com.apple.product-type.application";
		};
/* End PBXNativeTarget section */

/* Begin PBXProject section */
		6DFCA7FB289432A9007BC1B8 /* Project object */ = {
			isa = PBXProject;
			attributes = {
				BuildIndependentTargetsInParallel = 1;
				LastSwiftUpdateCheck = 1340;
				LastUpgradeCheck = 1340;
				TargetAttributes = {
					6DFCA802289432A9007BC1B8 = {
						CreatedOnToolsVersion = 13.4.1;
					};
				};
			};
			buildConfigurationList = 6DFCA7FE289432A9007BC1B8 /* Build configuration list for PBXProject "testWeatherApp" */;
			compatibilityVersion = "Xcode 13.0";
			developmentRegion = en;
			hasScannedForEncodings = 0;
			knownRegions = (
				en,
				Base,
			);
			mainGroup = 6DFCA7FA289432A9007BC1B8;
			productRefGroup = 6DFCA804289432A9007BC1B8 /* Products */;
			projectDirPath = "";
			projectRoot = "";
			targets = (
				6DFCA802289432A9007BC1B8 /* testWeatherApp */,
			);
		};
/* End PBXProject section */

/* Begin PBXResourcesBuildPhase section */
		6DFCA801289432A9007BC1B8 /* Resources */ = {
			isa = PBXResourcesBuildPhase;
			buildActionMask = 2147483647;
			files = (
				6DFCA813289432AC007BC1B8 /* LaunchScreen.storyboard in Resources */,
				6DFCA810289432AC007BC1B8 /* Assets.xcassets in Resources */,
			);
			runOnlyForDeploymentPostprocessing = 0;
		};
/* End PBXResourcesBuildPhase section */

/* Begin PBXSourcesBuildPhase section */
		6DFCA7FF289432A9007BC1B8 /* Sources */ = {
			isa = PBXSourcesBuildPhase;
			buildActionMask = 2147483647;
			files = (
				6DFCA8252895D133007BC1B8 /* BaseCoordinator.swift in Sources */,
				6DFCA83F289852BF007BC1B8 /* LocationWeatherData.swift in Sources */,
				6DFCA8292895D976007BC1B8 /* HomeViewModel.swift in Sources */,
				6DFCA84328986233007BC1B8 /* Date.swift in Sources */,
				6DFCA80B289432A9007BC1B8 /* HomeViewController.swift in Sources */,
				6DFCA841289852DB007BC1B8 /* Forecast.swift in Sources */,
				6DFCA82E2895E17C007BC1B8 /* NetworkingService.swift in Sources */,
				6DFCA83228969C86007BC1B8 /* Weather.swift in Sources */,
				6DFCA82B2895E12A007BC1B8 /* MainModel.swift in Sources */,
				6DFCA807289432A9007BC1B8 /* AppDelegate.swift in Sources */,
				6DFCA84528986874007BC1B8 /* ForecastTableViewCell.swift in Sources */,
				6DFCA83D28974F2E007BC1B8 /* UIViewController.swift in Sources */,
				6DFCA809289432A9007BC1B8 /* SceneDelegate.swift in Sources */,
				6DFCA8342897178E007BC1B8 /* WeahterTableViewCell.swift in Sources */,
				6DFCA84928991945007BC1B8 /* CachedStorage.swift in Sources */,
				6DFCA839289740C8007BC1B8 /* ForecastViewModel.swift in Sources */,
				6DFCA8272895D19A007BC1B8 /* ApplicationCoordinator.swift in Sources */,
				6DFCA8372897405F007BC1B8 /* ForecastViewController.swift in Sources */,
				6DFCA84728991170007BC1B8 /* Color.swift in Sources */,
			);
			runOnlyForDeploymentPostprocessing = 0;
		};
/* End PBXSourcesBuildPhase section */

/* Begin PBXVariantGroup section */
		6DFCA811289432AC007BC1B8 /* LaunchScreen.storyboard */ = {
			isa = PBXVariantGroup;
			children = (
				6DFCA812289432AC007BC1B8 /* Base */,
			);
			name = LaunchScreen.storyboard;
			sourceTree = "<group>";
		};
/* End PBXVariantGroup section */

/* Begin XCBuildConfiguration section */
		6DFCA815289432AC007BC1B8 /* Debug */ = {
			isa = XCBuildConfiguration;
			buildSettings = {
				ALWAYS_SEARCH_USER_PATHS = NO;
				CLANG_ANALYZER_NONNULL = YES;
				CLANG_ANALYZER_NUMBER_OBJECT_CONVERSION = YES_AGGRESSIVE;
				CLANG_CXX_LANGUAGE_STANDARD = "gnu++17";
				CLANG_ENABLE_MODULES = YES;
				CLANG_ENABLE_OBJC_ARC = YES;
				CLANG_ENABLE_OBJC_WEAK = YES;
				CLANG_WARN_BLOCK_CAPTURE_AUTORELEASING = YES;
				CLANG_WARN_BOOL_CONVERSION = YES;
				CLANG_WARN_COMMA = YES;
				CLANG_WARN_CONSTANT_CONVERSION = YES;
				CLANG_WARN_DEPRECATED_OBJC_IMPLEMENTATIONS = YES;
				CLANG_WARN_DIRECT_OBJC_ISA_USAGE = YES_ERROR;
				CLANG_WARN_DOCUMENTATION_COMMENTS = YES;
				CLANG_WARN_EMPTY_BODY = YES;
				CLANG_WARN_ENUM_CONVERSION = YES;
				CLANG_WARN_INFINITE_RECURSION = YES;
				CLANG_WARN_INT_CONVERSION = YES;
				CLANG_WARN_NON_LITERAL_NULL_CONVERSION = YES;
				CLANG_WARN_OBJC_IMPLICIT_RETAIN_SELF = YES;
				CLANG_WARN_OBJC_LITERAL_CONVERSION = YES;
				CLANG_WARN_OBJC_ROOT_CLASS = YES_ERROR;
				CLANG_WARN_QUOTED_INCLUDE_IN_FRAMEWORK_HEADER = YES;
				CLANG_WARN_RANGE_LOOP_ANALYSIS = YES;
				CLANG_WARN_STRICT_PROTOTYPES = YES;
				CLANG_WARN_SUSPICIOUS_MOVE = YES;
				CLANG_WARN_UNGUARDED_AVAILABILITY = YES_AGGRESSIVE;
				CLANG_WARN_UNREACHABLE_CODE = YES;
				CLANG_WARN__DUPLICATE_METHOD_MATCH = YES;
				COPY_PHASE_STRIP = NO;
				DEBUG_INFORMATION_FORMAT = dwarf;
				ENABLE_STRICT_OBJC_MSGSEND = YES;
				ENABLE_TESTABILITY = YES;
				GCC_C_LANGUAGE_STANDARD = gnu11;
				GCC_DYNAMIC_NO_PIC = NO;
				GCC_NO_COMMON_BLOCKS = YES;
				GCC_OPTIMIZATION_LEVEL = 0;
				GCC_PREPROCESSOR_DEFINITIONS = (
					"DEBUG=1",
					"$(inherited)",
				);
				GCC_WARN_64_TO_32_BIT_CONVERSION = YES;
				GCC_WARN_ABOUT_RETURN_TYPE = YES_ERROR;
				GCC_WARN_UNDECLARED_SELECTOR = YES;
				GCC_WARN_UNINITIALIZED_AUTOS = YES_AGGRESSIVE;
				GCC_WARN_UNUSED_FUNCTION = YES;
				GCC_WARN_UNUSED_VARIABLE = YES;
				IPHONEOS_DEPLOYMENT_TARGET = 15.5;
				MTL_ENABLE_DEBUG_INFO = INCLUDE_SOURCE;
				MTL_FAST_MATH = YES;
				ONLY_ACTIVE_ARCH = YES;
				SDKROOT = iphoneos;
				SWIFT_ACTIVE_COMPILATION_CONDITIONS = DEBUG;
				SWIFT_OPTIMIZATION_LEVEL = "-Onone";
			};
			name = Debug;
		};
		6DFCA816289432AC007BC1B8 /* Release */ = {
			isa = XCBuildConfiguration;
			buildSettings = {
				ALWAYS_SEARCH_USER_PATHS = NO;
				CLANG_ANALYZER_NONNULL = YES;
				CLANG_ANALYZER_NUMBER_OBJECT_CONVERSION = YES_AGGRESSIVE;
				CLANG_CXX_LANGUAGE_STANDARD = "gnu++17";
				CLANG_ENABLE_MODULES = YES;
				CLANG_ENABLE_OBJC_ARC = YES;
				CLANG_ENABLE_OBJC_WEAK = YES;
				CLANG_WARN_BLOCK_CAPTURE_AUTORELEASING = YES;
				CLANG_WARN_BOOL_CONVERSION = YES;
				CLANG_WARN_COMMA = YES;
				CLANG_WARN_CONSTANT_CONVERSION = YES;
				CLANG_WARN_DEPRECATED_OBJC_IMPLEMENTATIONS = YES;
				CLANG_WARN_DIRECT_OBJC_ISA_USAGE = YES_ERROR;
				CLANG_WARN_DOCUMENTATION_COMMENTS = YES;
				CLANG_WARN_EMPTY_BODY = YES;
				CLANG_WARN_ENUM_CONVERSION = YES;
				CLANG_WARN_INFINITE_RECURSION = YES;
				CLANG_WARN_INT_CONVERSION = YES;
				CLANG_WARN_NON_LITERAL_NULL_CONVERSION = YES;
				CLANG_WARN_OBJC_IMPLICIT_RETAIN_SELF = YES;
				CLANG_WARN_OBJC_LITERAL_CONVERSION = YES;
				CLANG_WARN_OBJC_ROOT_CLASS = YES_ERROR;
				CLANG_WARN_QUOTED_INCLUDE_IN_FRAMEWORK_HEADER = YES;
				CLANG_WARN_RANGE_LOOP_ANALYSIS = YES;
				CLANG_WARN_STRICT_PROTOTYPES = YES;
				CLANG_WARN_SUSPICIOUS_MOVE = YES;
				CLANG_WARN_UNGUARDED_AVAILABILITY = YES_AGGRESSIVE;
				CLANG_WARN_UNREACHABLE_CODE = YES;
				CLANG_WARN__DUPLICATE_METHOD_MATCH = YES;
				COPY_PHASE_STRIP = NO;
				DEBUG_INFORMATION_FORMAT = "dwarf-with-dsym";
				ENABLE_NS_ASSERTIONS = NO;
				ENABLE_STRICT_OBJC_MSGSEND = YES;
				GCC_C_LANGUAGE_STANDARD = gnu11;
				GCC_NO_COMMON_BLOCKS = YES;
				GCC_WARN_64_TO_32_BIT_CONVERSION = YES;
				GCC_WARN_ABOUT_RETURN_TYPE = YES_ERROR;
				GCC_WARN_UNDECLARED_SELECTOR = YES;
				GCC_WARN_UNINITIALIZED_AUTOS = YES_AGGRESSIVE;
				GCC_WARN_UNUSED_FUNCTION = YES;
				GCC_WARN_UNUSED_VARIABLE = YES;
				IPHONEOS_DEPLOYMENT_TARGET = 15.5;
				MTL_ENABLE_DEBUG_INFO = NO;
				MTL_FAST_MATH = YES;
				SDKROOT = iphoneos;
				SWIFT_COMPILATION_MODE = wholemodule;
				SWIFT_OPTIMIZATION_LEVEL = "-O";
				VALIDATE_PRODUCT = YES;
			};
			name = Release;
		};
		6DFCA818289432AC007BC1B8 /* Debug */ = {
			isa = XCBuildConfiguration;
			buildSettings = {
				ASSETCATALOG_COMPILER_APPICON_NAME = AppIcon;
				ASSETCATALOG_COMPILER_GLOBAL_ACCENT_COLOR_NAME = AccentColor;
				CODE_SIGN_IDENTITY = "Apple Development";
				CODE_SIGN_STYLE = Automatic;
				CURRENT_PROJECT_VERSION = 1;
				DEVELOPMENT_TEAM = D25W99894L;
				GENERATE_INFOPLIST_FILE = YES;
				INFOPLIST_FILE = testWeatherApp/Info.plist;
				INFOPLIST_KEY_UIApplicationSupportsIndirectInputEvents = YES;
				INFOPLIST_KEY_UILaunchStoryboardName = LaunchScreen;
				INFOPLIST_KEY_UISupportedInterfaceOrientations_iPad = "UIInterfaceOrientationPortrait UIInterfaceOrientationPortraitUpsideDown UIInterfaceOrientationLandscapeLeft UIInterfaceOrientationLandscapeRight";
				INFOPLIST_KEY_UISupportedInterfaceOrientations_iPhone = "UIInterfaceOrientationPortrait UIInterfaceOrientationLandscapeLeft UIInterfaceOrientationLandscapeRight";
				LD_RUNPATH_SEARCH_PATHS = (
					"$(inherited)",
					"@executable_path/Frameworks",
				);
				MARKETING_VERSION = 1.0;
				PRODUCT_BUNDLE_IDENTIFIER = Dmytro.testWeatherApp;
				PRODUCT_NAME = "$(TARGET_NAME)";
				PROVISIONING_PROFILE_SPECIFIER = "";
				SWIFT_EMIT_LOC_STRINGS = YES;
				SWIFT_VERSION = 5.0;
				TARGETED_DEVICE_FAMILY = "1,2";
			};
			name = Debug;
		};
		6DFCA819289432AC007BC1B8 /* Release */ = {
			isa = XCBuildConfiguration;
			buildSettings = {
				ASSETCATALOG_COMPILER_APPICON_NAME = AppIcon;
				ASSETCATALOG_COMPILER_GLOBAL_ACCENT_COLOR_NAME = AccentColor;
				CODE_SIGN_IDENTITY = "Apple Development";
				CODE_SIGN_STYLE = Automatic;
				CURRENT_PROJECT_VERSION = 1;
				DEVELOPMENT_TEAM = "";
				GENERATE_INFOPLIST_FILE = YES;
				INFOPLIST_FILE = testWeatherApp/Info.plist;
				INFOPLIST_KEY_UIApplicationSupportsIndirectInputEvents = YES;
				INFOPLIST_KEY_UILaunchStoryboardName = LaunchScreen;
				INFOPLIST_KEY_UISupportedInterfaceOrientations_iPad = "UIInterfaceOrientationPortrait UIInterfaceOrientationPortraitUpsideDown UIInterfaceOrientationLandscapeLeft UIInterfaceOrientationLandscapeRight";
				INFOPLIST_KEY_UISupportedInterfaceOrientations_iPhone = "UIInterfaceOrientationPortrait UIInterfaceOrientationLandscapeLeft UIInterfaceOrientationLandscapeRight";
				LD_RUNPATH_SEARCH_PATHS = (
					"$(inherited)",
					"@executable_path/Frameworks",
				);
				MARKETING_VERSION = 1.0;
				PRODUCT_BUNDLE_IDENTIFIER = Dmytro.testWeatherApp;
				PRODUCT_NAME = "$(TARGET_NAME)";
				PROVISIONING_PROFILE_SPECIFIER = "";
				SWIFT_EMIT_LOC_STRINGS = YES;
				SWIFT_VERSION = 5.0;
				TARGETED_DEVICE_FAMILY = "1,2";
			};
			name = Release;
		};
/* End XCBuildConfiguration section */

/* Begin XCConfigurationList section */
		6DFCA7FE289432A9007BC1B8 /* Build configuration list for PBXProject "testWeatherApp" */ = {
			isa = XCConfigurationList;
			buildConfigurations = (
				6DFCA815289432AC007BC1B8 /* Debug */,
				6DFCA816289432AC007BC1B8 /* Release */,
			);
			defaultConfigurationIsVisible = 0;
			defaultConfigurationName = Release;
		};
		6DFCA817289432AC007BC1B8 /* Build configuration list for PBXNativeTarget "testWeatherApp" */ = {
			isa = XCConfigurationList;
			buildConfigurations = (
				6DFCA818289432AC007BC1B8 /* Debug */,
				6DFCA819289432AC007BC1B8 /* Release */,
			);
			defaultConfigurationIsVisible = 0;
			defaultConfigurationName = Release;
		};
/* End XCConfigurationList section */
	};
	rootObject = 6DFCA7FB289432A9007BC1B8 /* Project object */;
}
